
Microsoft Visual Studio Solution File, Format Version 12.00
# Visual Studio Version 17
VisualStudioVersion = 17.6.33829.357
MinimumVisualStudioVersion = 10.0.40219.1
Project("{9A19103F-16F7-4668-BE54-9A1E7A4F7556}") = "Inflearn_lecture_C#", "Inflearn_lecture_C#.csproj", "{056C2559-75FB-445C-8B3D-1BB5C04839AD}"
EndProject
Project("{FAE04EC0-301F-11D3-BF4B-00C04F79EFBC}") = "collection_class", "..\ConsoleApp2\collection_class.csproj", "{0AFF3750-E00A-4FC1-9B3C-1D690F949426}"
EndProject
Global
	GlobalSection(SolutionConfigurationPlatforms) = preSolution
		Debug|Any CPU = Debug|Any CPU
		Release|Any CPU = Release|Any CPU
	EndGlobalSection
	GlobalSection(ProjectConfigurationPlatforms) = postSolution
		{056C2559-75FB-445C-8B3D-1BB5C04839AD}.Debug|Any CPU.ActiveCfg = Debug|Any CPU
		{056C2559-75FB-445C-8B3D-1BB5C04839AD}.Debug|Any CPU.Build.0 = Debug|Any CPU
		{056C2559-75FB-445C-8B3D-1BB5C04839AD}.Release|Any CPU.ActiveCfg = Release|Any CPU
		{056C2559-75FB-445C-8B3D-1BB5C04839AD}.Release|Any CPU.Build.0 = Release|Any CPU
		{0AFF3750-E00A-4FC1-9B3C-1D690F949426}.Debug|Any CPU.ActiveCfg = Debug|Any CPU
		{0AFF3750-E00A-4FC1-9B3C-1D690F949426}.Debug|Any CPU.Build.0 = Debug|Any CPU
		{0AFF3750-E00A-4FC1-9B3C-1D690F949426}.Release|Any CPU.ActiveCfg = Release|Any CPU
		{0AFF3750-E00A-4FC1-9B3C-1D690F949426}.Release|Any CPU.Build.0 = Release|Any CPU
	EndGlobalSection
	GlobalSection(SolutionProperties) = preSolution
		HideSolutionNode = FALSE
	EndGlobalSection
	GlobalSection(ExtensibilityGlobals) = postSolution
		SolutionGuid = {22518637-4720-4A9A-8397-792BFEA13FBD}
	EndGlobalSection
EndGlobal
